# This file is autogenerated, do not edit; changes may be undone by the next 'dep ensure'.


[[projects]]
  branch = "master"
  digest = "1:8301c4b3bca53e6527ed3227175efe7f7f355ab53baaa13b002b99fd929623a4"
  name = "github.com/araddon/gou"
  packages = ["."]
  pruneopts = "UT"
  revision = "d7d8174cb8b3780a5ca20b99de05665dd17f208b"

[[projects]]
  digest = "1:6c0f1bc4d83abbdcb860204b7935b5cf072d449e225c33946b68968aa06d20a0"
  name = "github.com/armon/go-metrics"
  packages = ["."]
  pruneopts = "UT"
  revision = "3df31a1ada83e310c2e24b267c8e8b68836547b4"

[[projects]]
  branch = "master"
  digest = "1:d48cc03a21c4a768e554f378f0061f7b3000b68ee8fc804040cb0de76574d3ca"
  name = "github.com/bitly/go-hostpool"
  packages = ["."]
  pruneopts = "UT"
  revision = "a3a6125de9329587178a9792dc8f4bc98e620d2d"

[[projects]]
  digest = "1:899234af23e5793c34e06fd397f86ba33af5307b959b6a7afd19b63db065a9d7"
  name = "github.com/emicklei/go-restful"
  packages = [
    ".",
    "log",
  ]
  pruneopts = "UT"
  revision = "3eb9738c1697594ea6e71a7156a9bb32ed216cf0"
  version = "v2.8.0"

[[projects]]
  digest = "1:4be5d1a52c61b74c0a4d62f37c0640f706ae6e07eb73617dd013990d565717d5"
  name = "github.com/go-log/log"
  packages = [
    ".",
    "log",
  ]
  pruneopts = "UT"
  revision = "37e2e1f19306361e1fc152a1839f1236149cb4e4"
  version = "v0.1.0"

[[projects]]
  digest = "1:97df918963298c287643883209a2c3f642e6593379f97ab400c2a2e219ab647d"
  name = "github.com/golang/protobuf"
  packages = ["proto"]
  pruneopts = "UT"
  revision = "aa810b61a9c79d51363740d207bb46cf8e620ed5"
  version = "v1.2.0"

[[projects]]
  digest = "1:3a26588bc48b96825977c1b3df964f8fd842cd6860cc26370588d3563433cf11"
  name = "github.com/google/uuid"
  packages = ["."]
  pruneopts = "UT"
  revision = "d460ce9f8df2e77fb1ba55ca87fafed96c607494"
  version = "v1.0.0"

[[projects]]
  digest = "1:2689a8321275b0134f3cb86508981671e94d035096116cbbe03d6f3c67eb9e97"
  name = "github.com/hashicorp/consul"
  packages = [
    "api",
    "watch",
  ]
  pruneopts = "UT"
  revision = "48d287ef690ada66634885640f3444dbf7b71d18"
  version = "v1.2.3"

[[projects]]
  digest = "1:77cb3be9b21ba7f1a4701e870c84ea8b66e7d74c7c8951c58155fdadae9414ec"
  name = "github.com/hashicorp/go-cleanhttp"
  packages = ["."]
  pruneopts = "UT"
  revision = "d5fe4b57a186c716b0e00b8c301cbd9b4182694d"

[[projects]]
  branch = "master"
  digest = "1:45aad874d3c7d5e8610427c81870fb54970b981692930ec2a319ce4cb89d7a00"
  name = "github.com/hashicorp/go-rootcerts"
  packages = ["."]
  pruneopts = "UT"
  revision = "6bb64b370b90e7ef1fa532be9e591a81c3493e00"

[[projects]]
  digest = "1:acc81e4e4289587b257ccdfccbc6eaf16d4c2fb57dda73c6bb349bf50f02501f"
  name = "github.com/hashicorp/serf"
  packages = ["coordinate"]
  pruneopts = "UT"
  revision = "19bbd39e421bdf3559d5025fb2c760f5ffa56233"

[[projects]]
  digest = "1:3e551bbb3a7c0ab2a2bf4660e7fcad16db089fdcfbb44b0199e62838038623ea"
  name = "github.com/json-iterator/go"
  packages = ["."]
  pruneopts = "UT"
  revision = "1624edc4454b8682399def8740d46db5e4362ba4"
  version = "v1.1.5"

[[projects]]
  branch = "master"
  digest = "1:7f316b23a111ef33871ff4180406178c436099778e0fa81f772d6962063fd232"
  name = "github.com/mattbaird/elastigo"
  packages = ["lib"]
  pruneopts = "UT"
  revision = "2fe47fd29e4b70353f852ede77a196830d2924ec"

[[projects]]
  branch = "master"
  digest = "1:0d3455926b7b805da0ba04fe325ad7662f47c0b6522500a2d787667e2fb6e463"
  name = "github.com/micro/cli"
  packages = ["."]
  pruneopts = "UT"
  revision = "8b9d33ec2f19cfe2fe9f448f18b033c004c18fd2"

[[projects]]
  branch = "master"
  digest = "1:1ba6e7291c93f36a9eef6628caaed64a82b1da2508d01f6347c7936f5c2531f6"
  name = "github.com/micro/go-log"
  packages = ["."]
  pruneopts = "UT"
  revision = "cbfa9447f9b655f8e66583237e51f40ca9bff860"

[[projects]]
  digest = "1:74c3e8cc1ea998ce4d718f156c504084102dad44d6cc23309395c604d3243518"
  name = "github.com/micro/go-micro"
  packages = [
    ".",
    "broker",
    "broker/codec",
    "broker/codec/json",
    "broker/http",
    "client",
    "cmd",
    "codec",
    "codec/jsonrpc",
    "codec/protorpc",
    "errors",
    "metadata",
    "registry",
    "registry/consul",
    "registry/mdns",
    "selector",
    "selector/cache",
    "server",
    "server/debug",
    "server/debug/proto",
    "transport",
    "transport/codec",
    "transport/http",
  ]
  pruneopts = "UT"
  revision = "9d3cb65daaf630acb1c87b8f45d13b8def7d7a22"
  version = "v0.11.0"

[[projects]]
  branch = "master"
  digest = "1:7243b71c52f5226ed26340e9bbffd702484c152caa2e78234f4384a8309dcafb"
  name = "github.com/micro/go-rcache"
  packages = ["."]
  pruneopts = "UT"
  revision = "a581a57b513351792b9f21fc8b95d87b1c5a95da"

[[projects]]
  digest = "1:28b581dd6d772a1e8c1576e0f0e8ac1e87fd16eae35b197c22a9ee5f39a0d619"
  name = "github.com/micro/go-web"
  packages = ["."]
  pruneopts = "UT"
  revision = "8373ea64a8063743652142796015afdf090d98db"
  version = "v0.4.0"

[[projects]]
  branch = "master"
  digest = "1:0fd6feac155e496abc6fcc734dded208deef8c9010bad8919adc393e699886ce"
  name = "github.com/micro/mdns"
  packages = ["."]
  pruneopts = "UT"
  revision = "cdf30746f9f70dc7a366d3d885792a092fd83102"

[[projects]]
  branch = "master"
  digest = "1:186721155e7aef08313eec7b1e9d74ccbe9f21a314a3167dbdb7cccd8978dce6"
  name = "github.com/micro/util"
  packages = [
    "go/lib/addr",
    "go/lib/http",
    "go/lib/net",
    "go/lib/tls",
  ]
  pruneopts = "UT"
  revision = "4b7ed83e8520ab8fe6e5ef61fa2ede94b32f8602"

[[projects]]
  digest = "1:b39aee4261f1ae13fdd21a0db189e0bba0f96c0f2eba77ab278428e2d3b00052"
  name = "github.com/miekg/dns"
  packages = ["."]
  pruneopts = "UT"
  revision = "f4db2ca6edc3af0ee51bf332099cc480bcf3ef9d"
  version = "v1.0.10"

[[projects]]
  digest = "1:78bbb1ba5b7c3f2ed0ea1eab57bdd3859aec7e177811563edc41198a760b06af"
  name = "github.com/mitchellh/go-homedir"
  packages = ["."]
  pruneopts = "UT"
  revision = "ae18d6b8b3205b561c79e8e5f69bff09736185f4"
  version = "v1.0.0"

[[projects]]
  digest = "1:61332bb44d05257bbf0356d8400a8b30fe0b9fdc3b72b8b55661da8f0a4f39ae"
  name = "github.com/mitchellh/hashstructure"
  packages = ["."]
  pruneopts = "UT"
  revision = "a38c50148365edc8df43c1580c48fb2b3a1e9cd7"
  version = "v1.0.0"

[[projects]]
  digest = "1:56a0bd1a1f3809171d1abe0bfd389558be0cd672e858e1f831b88f806aa8764f"
  name = "github.com/mitchellh/mapstructure"
  packages = ["."]
  pruneopts = "UT"
  revision = "06020f85339e21b2478f756a78e295255ffa4d6a"

[[projects]]
  digest = "1:33422d238f147d247752996a26574ac48dcf472976eda7f5134015f06bf16563"
  name = "github.com/modern-go/concurrent"
  packages = ["."]
  pruneopts = "UT"
  revision = "bacd9c7ef1dd9b15be4a9909b8ac7a4e313eec94"
  version = "1.0.3"

[[projects]]
  digest = "1:e32bdbdb7c377a07a9a46378290059822efdce5c8d96fe71940d87cb4f918855"
  name = "github.com/modern-go/reflect2"
  packages = ["."]
  pruneopts = "UT"
  revision = "4b7aa43c6742a2c18fdef89dd197aaae7dac7ccd"
  version = "1.0.1"

[[projects]]
  digest = "1:e5d0bd87abc2781d14e274807a470acd180f0499f8bf5bb18606e9ec22ad9de9"
  name = "github.com/pborman/uuid"
  packages = ["."]
  pruneopts = "UT"
  revision = "adf5a7427709b9deb95d29d3fa8a2bf9cfd388f1"
  version = "v1.2"

[[projects]]
  digest = "1:40e195917a951a8bf867cd05de2a46aaf1806c50cf92eebf4c16f78cd196f747"
  name = "github.com/pkg/errors"
  packages = ["."]
  pruneopts = "UT"
  revision = "645ef00459ed84a119197bfb8d8205042c6df63d"
  version = "v0.8.0"

[[projects]]
  branch = "master"
  digest = "1:febc09175b01ab1896cf41b6c9915b4af4048813d2af059e8ba2ae2ce597546d"
  name = "github.com/rodrigodmd/ml-mutant"
  packages = [
    ".",
    "evaluator",
  ]
  pruneopts = "UT"
  revision = "9b18772143109e278910972d38955c37e165eedd"

[[projects]]
  branch = "master"
  digest = "1:d5891c5bca9c62e5d394ca26491d2b710a1dc08cedeb0ca8f9ac4c3305120b02"
  name = "golang.org/x/crypto"
  packages = [
    "ed25519",
    "ed25519/internal/edwards25519",
  ]
  pruneopts = "UT"
  revision = "0e37d006457bf46f9e6692014ba72ef82c33022c"

[[projects]]
  branch = "master"
  digest = "1:5a83591bcb11501a55db71952158d217ad7440826eeca278e3c5d83de973091b"
  name = "golang.org/x/net"
  packages = [
    "bpf",
    "context",
    "internal/iana",
    "internal/socket",
    "ipv4",
    "ipv6",
  ]
  pruneopts = "UT"
  revision = "f04abc6bdfa7a0171a8a0c9fd2ada9391044d056"

[[projects]]
  branch = "master"
  digest = "1:94952e2a064741ba4fb43b58794268a6798461f533c0c884f3c771a281357ee4"
  name = "golang.org/x/sys"
  packages = ["unix"]
  pruneopts = "UT"
  revision = "b09afc3d579e346c4a7e4705953acaf6f9e551bd"

[solve-meta]
  analyzer-name = "dep"
  analyzer-version = 1
  input-imports = [
    "github.com/emicklei/go-restful",
    "github.com/golang/protobuf/proto",
    "github.com/google/uuid",
    "github.com/mattbaird/elastigo/lib",
    "github.com/micro/cli",
    "github.com/micro/go-log",
    "github.com/micro/go-micro",
    "github.com/micro/go-micro/client",
    "github.com/micro/go-micro/server",
    "github.com/micro/go-web",
    "github.com/rodrigodmd/ml-mutant",
  ]
  solver-name = "gps-cdcl"
  solver-version = 1
